github.com/aymanbagabas/go-osc52 v1.0.3/go.mod h1:zT8H+Rk4VSabYN90pWyugflM3ZhpTZNC7cASDfUCdT4=
github.com/aymanbagabas/go-osc52 v1.2.1 h1:q2sWUyDcozPLcLabEMd+a+7Ea2DitxZVN9hTxab9L4E=
github.com/aymanbagabas/go-osc52 v1.2.1/go.mod h1:zT8H+Rk4VSabYN90pWyugflM3ZhpTZNC7cASDfUCdT4=
github.com/davecgh/go-spew v1.1.1 h1:vj9j/u1bqnvCEfJOwUhtlOARqs3+rkHYY13jYWTU97c=
github.com/domonda/go-encjson v0.0.0-20210830085227-1beee57a72d8 h1:fKtb4cd3cTeioONoavHmcJ8R1zWbU3cVzt2pXHhYWOs=
github.com/domonda/go-encjson v0.0.0-20210830085227-1beee57a72d8/go.mod h1:i9MgoQ+iTNvBGS63YftEDoNsr6dW6lAefUibkoCdMS4=
github.com/domonda/go-errs v0.0.0-20221201115330-819262069697 h1:Z7QBf0irXHMZSuuex53IyyXHlGc48s/wDAoETz4FyBU=
github.com/domonda/go-errs v0.0.0-20221201115330-819262069697/go.mod h1:WvIoE59Dfs0hhB2GYSlwowlBr2WWGXf/F74bg6HWUpQ=
github.com/domonda/go-pretty v0.0.0-20220317123925-dd9e6bef129a h1:6/Is0KGl5Ot3E8ZLAgAFWYiSRdU+3t3jL38+5yIlCV4=
github.com/domonda/go-pretty v0.0.0-20220317123925-dd9e6bef129a/go.mod h1:3QkM8UJdyJMeKZiIo7hYzSkQBpRS3k0gOHw4ysyEIB4=
github.com/domonda/go-types v0.0.0-20230123091716-ceb113bdba48 h1:vfjPQCCnspQRMdb31fKHBG+/2Qst2vVJGjUiBufecPE=
github.com/domonda/go-types v0.0.0-20230123091716-ceb113bdba48/go.mod h1:OCpuKQfcYEWr4D7Z+1aBLO5NvGoRRZytOcvjFs/KJOg=
github.com/domonda/golog v0.0.0-20230124102541-81056aaba2cb h1:j4TMT+4CFqyMPud26bCu0aAlT/UJXx4AHBZ+Ptqh7zY=
github.com/domonda/golog v0.0.0-20230124102541-81056aaba2cb/go.mod h1:JSi4lgHJalBxn1LbHT0K65TplkCr0BpnyiqHpZsAYBU=
github.com/fsnotify/fsnotify v1.6.0 h1:n+5WquG0fcWoWp6xPWfHdbskMCQaFnG6PfBrh1Ky4HY=
github.com/fsnotify/fsnotify v1.6.0/go.mod h1:sl3t1tCWJFWoRz9R8WJCbQihKKwmorjAbSClcnxKAGw=
github.com/lucasb-eyer/go-colorful v1.2.0 h1:1nnpGOrhyZZuNyfu1QjKiUICQ74+3FNCN69Aj6K7nkY=
github.com/lucasb-eyer/go-colorful v1.2.0/go.mod h1:R4dSotOR9KMtayYi1e77YzuveK+i7ruzyGqttikkLy0=
github.com/mattn/go-isatty v0.0.16/go.mod h1:kYGgaQfpe5nmfYZH+SKPsOc2e4SrIfOl2e/yFXSvRLM=
github.com/mattn/go-isatty v0.0.17 h1:BTarxUcIeDqL27Mc+vyvdWYSL28zpIhv3RoTdsLMPng=
github.com/mattn/go-isatty v0.0.17/go.mod h1:kYGgaQfpe5nmfYZH+SKPsOc2e4SrIfOl2e/yFXSvRLM=
github.com/mattn/go-runewidth v0.0.14 h1:+xnbZSEeDbOIg5/mE6JF0w6n9duR1l3/WmbinWVwUuU=
github.com/mattn/go-runewidth v0.0.14/go.mod h1:Jdepj2loyihRzMpdS35Xk/zdY8IAYHsh153qUoGf23w=
github.com/muesli/termenv v0.13.0 h1:wK20DRpJdDX8b7Ek2QfhvqhRQFZ237RGRO0RQ/Iqdy0=
github.com/muesli/termenv v0.13.0/go.mod h1:sP1+uffeLaEYpyOTb8pLCUctGcGLnoFjSn4YJK5e2bc=
github.com/pmezard/go-difflib v1.0.0 h1:4DBwDE0NGyQoBHbLQYPwSUPoCMWR5BEzIk/f1lZbAQM=
github.com/rivo/uniseg v0.2.0/go.mod h1:J6wj4VEh+S6ZtnVlnTBMWIodfgj8LQOQFoIToxlJtxc=
github.com/rivo/uniseg v0.4.3 h1:utMvzDsuh3suAEnhH0RdHmoPbU648o6CvXxTx4SBMOw=
github.com/rivo/uniseg v0.4.3/go.mod h1:FN3SvrM+Zdj16jyLfmOkMNblXMcoc8DfTHruCPUcx88=
github.com/stretchr/testify v1.8.1 h1:w7B6lhMri9wdJUVmEZPGGhZzrYTPvgJArz7wNPgYKsk=
github.com/ungerik/go-fs v0.0.0-20230126152159-caed95e133d3 h1:RfAk0JtkKYGzrYV+n1DRf2WlNd1sBiq5vfOhdJUHd0I=
github.com/ungerik/go-fs v0.0.0-20230126152159-caed95e133d3/go.mod h1:wSSvK/VAz72bLlVrZvSBzPrSHSawjVpyoNW7LorFDww=
github.com/ungerik/go-fs v0.0.0-20230203115930-cee5a1790d8b h1:pLCAbjIN8iUc1QvsgHTnmPmgn8U6m0MO9uC6idYHCnc=
github.com/ungerik/go-fs v0.0.0-20230203115930-cee5a1790d8b/go.mod h1:wSSvK/VAz72bLlVrZvSBzPrSHSawjVpyoNW7LorFDww=
github.com/ungerik/go-fs v0.0.0-20230203145800-f1967f6e8bbe h1:p6vE3UP6QGs8webY7AgwNOo7g9Asgesjo29VovI1soI=
github.com/ungerik/go-fs v0.0.0-20230203145800-f1967f6e8bbe/go.mod h1:wSSvK/VAz72bLlVrZvSBzPrSHSawjVpyoNW7LorFDww=
golang.org/x/exp v0.0.0-20230125214544-b3c2aaf6208d h1:9Bio0JlZpJ1P4NXsK5i8Rf2MclrRzMGzJWOIkhZ5Um8=
golang.org/x/exp v0.0.0-20230125214544-b3c2aaf6208d/go.mod h1:CxIveKay+FTh1D0yPZemJVgC/95VzuuOLq5Qi4xnoYc=
golang.org/x/sys v0.0.0-20220811171246-fbc7d0a398ab/go.mod h1:oPkhp1MJrh7nUepCBck5+mAzfO9JrbApNNgaTdGDITg=
golang.org/x/sys v0.0.0-20220908164124-27713097b956/go.mod h1:oPkhp1MJrh7nUepCBck5+mAzfO9JrbApNNgaTdGDITg=
golang.org/x/sys v0.4.0 h1:Zr2JFtRQNX3BCZ8YtxRE9hNJYC8J6I1MVbMg6owUp18=
golang.org/x/sys v0.4.0/go.mod h1:oPkhp1MJrh7nUepCBck5+mAzfO9JrbApNNgaTdGDITg=
gopkg.in/yaml.v3 v3.0.1 h1:fxVm/GzAzEWqLHuvctI91KS9hhNmmWOoWu0XTYJS7CA=
